// !$*UTF8*$!
{
	archiveVersion = 1;
	classes = {
	};
	objectVersion = 55;
	objects = {

/* Begin PBXBuildFile section */
		774ABE8428426CD5006794DD /* GFEmptyStateView.swift in Sources */ = {isa = PBXBuildFile; fileRef = 774ABE8328426CD5006794DD /* GFEmptyStateView.swift */; };
		774B50ED27F5EF4B00F9FF81 /* AppDelegate.swift in Sources */ = {isa = PBXBuildFile; fileRef = 774B50EC27F5EF4B00F9FF81 /* AppDelegate.swift */; };
		774B50EF27F5EF4B00F9FF81 /* SceneDelegate.swift in Sources */ = {isa = PBXBuildFile; fileRef = 774B50EE27F5EF4B00F9FF81 /* SceneDelegate.swift */; };
		774B50F627F5EF4B00F9FF81 /* Assets.xcassets in Resources */ = {isa = PBXBuildFile; fileRef = 774B50F527F5EF4B00F9FF81 /* Assets.xcassets */; };
		774B50F927F5EF4B00F9FF81 /* LaunchScreen.storyboard in Resources */ = {isa = PBXBuildFile; fileRef = 774B50F727F5EF4B00F9FF81 /* LaunchScreen.storyboard */; };
		774B510127F5F47A00F9FF81 /* SearchVC.swift in Sources */ = {isa = PBXBuildFile; fileRef = 774B510027F5F47A00F9FF81 /* SearchVC.swift */; };
		774B510327F5F4B400F9FF81 /* FavoritesListVC.swift in Sources */ = {isa = PBXBuildFile; fileRef = 774B510227F5F4B400F9FF81 /* FavoritesListVC.swift */; };
		774B510527F5F8B600F9FF81 /* GFButton.swift in Sources */ = {isa = PBXBuildFile; fileRef = 774B510427F5F8B600F9FF81 /* GFButton.swift */; };
		774B510727F5FB9100F9FF81 /* GFTextField.swift in Sources */ = {isa = PBXBuildFile; fileRef = 774B510627F5FB9100F9FF81 /* GFTextField.swift */; };
		774B510A27F5FF3C00F9FF81 /* SnapKit in Frameworks */ = {isa = PBXBuildFile; productRef = 774B510927F5FF3C00F9FF81 /* SnapKit */; };
		774B510C27F60F7700F9FF81 /* FollowerListVC.swift in Sources */ = {isa = PBXBuildFile; fileRef = 774B510B27F60F7700F9FF81 /* FollowerListVC.swift */; };
		774B510E27F618D100F9FF81 /* GFTitleLabel.swift in Sources */ = {isa = PBXBuildFile; fileRef = 774B510D27F618D100F9FF81 /* GFTitleLabel.swift */; };
		774B511027F61A2600F9FF81 /* GFBodyLabel.swift in Sources */ = {isa = PBXBuildFile; fileRef = 774B510F27F61A2600F9FF81 /* GFBodyLabel.swift */; };
		774B511227F61AE600F9FF81 /* GFAlertVC.swift in Sources */ = {isa = PBXBuildFile; fileRef = 774B511127F61AE600F9FF81 /* GFAlertVC.swift */; };
		774B511427F72F7000F9FF81 /* UIViewController+Ext.swift in Sources */ = {isa = PBXBuildFile; fileRef = 774B511327F72F7000F9FF81 /* UIViewController+Ext.swift */; };
		774B511927F747AC00F9FF81 /* String+Ext.swift in Sources */ = {isa = PBXBuildFile; fileRef = 774B511827F747AC00F9FF81 /* String+Ext.swift */; };
		774B511C27F74EDB00F9FF81 /* NetworkManager.swift in Sources */ = {isa = PBXBuildFile; fileRef = 774B511B27F74EDB00F9FF81 /* NetworkManager.swift */; };
		774B512027F761E400F9FF81 /* Followers.swift in Sources */ = {isa = PBXBuildFile; fileRef = 774B511F27F761E400F9FF81 /* Followers.swift */; };
		774B512227F7620500F9FF81 /* User.swift in Sources */ = {isa = PBXBuildFile; fileRef = 774B512127F7620500F9FF81 /* User.swift */; };
		774B512527F76FFB00F9FF81 /* NWError.swift in Sources */ = {isa = PBXBuildFile; fileRef = 774B512427F76FFB00F9FF81 /* NWError.swift */; };
		774B512827FC69AF00F9FF81 /* FollowerCell.swift in Sources */ = {isa = PBXBuildFile; fileRef = 774B512727FC69AF00F9FF81 /* FollowerCell.swift */; };
		774B512A27FC6B7700F9FF81 /* GFAvatarImageView.swift in Sources */ = {isa = PBXBuildFile; fileRef = 774B512927FC6B7700F9FF81 /* GFAvatarImageView.swift */; };
		774B512D27FC792E00F9FF81 /* CollectionCell+Ext.swift in Sources */ = {isa = PBXBuildFile; fileRef = 774B512C27FC792E00F9FF81 /* CollectionCell+Ext.swift */; };
		774B512F27FC9F1200F9FF81 /* UIHelper.swift in Sources */ = {isa = PBXBuildFile; fileRef = 774B512E27FC9F1200F9FF81 /* UIHelper.swift */; };
		7751CA852847D7A200CD083C /* UserInfoVC.swift in Sources */ = {isa = PBXBuildFile; fileRef = 7751CA842847D7A200CD083C /* UserInfoVC.swift */; };
/* End PBXBuildFile section */

/* Begin PBXFileReference section */
		774ABE8328426CD5006794DD /* GFEmptyStateView.swift */ = {isa = PBXFileReference; lastKnownFileType = sourcecode.swift; path = GFEmptyStateView.swift; sourceTree = "<group>"; };
		774B50E927F5EF4B00F9FF81 /* GitHubFollowers.app */ = {isa = PBXFileReference; explicitFileType = wrapper.application; includeInIndex = 0; path = GitHubFollowers.app; sourceTree = BUILT_PRODUCTS_DIR; };
		774B50EC27F5EF4B00F9FF81 /* AppDelegate.swift */ = {isa = PBXFileReference; lastKnownFileType = sourcecode.swift; path = AppDelegate.swift; sourceTree = "<group>"; };
		774B50EE27F5EF4B00F9FF81 /* SceneDelegate.swift */ = {isa = PBXFileReference; lastKnownFileType = sourcecode.swift; path = SceneDelegate.swift; sourceTree = "<group>"; };
		774B50F527F5EF4B00F9FF81 /* Assets.xcassets */ = {isa = PBXFileReference; lastKnownFileType = folder.assetcatalog; path = Assets.xcassets; sourceTree = "<group>"; };
		774B50F827F5EF4B00F9FF81 /* Base */ = {isa = PBXFileReference; lastKnownFileType = file.storyboard; name = Base; path = Base.lproj/LaunchScreen.storyboard; sourceTree = "<group>"; };
		774B50FA27F5EF4B00F9FF81 /* Info.plist */ = {isa = PBXFileReference; lastKnownFileType = text.plist.xml; path = Info.plist; sourceTree = "<group>"; };
		774B510027F5F47A00F9FF81 /* SearchVC.swift */ = {isa = PBXFileReference; lastKnownFileType = sourcecode.swift; path = SearchVC.swift; sourceTree = "<group>"; };
		774B510227F5F4B400F9FF81 /* FavoritesListVC.swift */ = {isa = PBXFileReference; lastKnownFileType = sourcecode.swift; path = FavoritesListVC.swift; sourceTree = "<group>"; };
		774B510427F5F8B600F9FF81 /* GFButton.swift */ = {isa = PBXFileReference; lastKnownFileType = sourcecode.swift; path = GFButton.swift; sourceTree = "<group>"; };
		774B510627F5FB9100F9FF81 /* GFTextField.swift */ = {isa = PBXFileReference; lastKnownFileType = sourcecode.swift; path = GFTextField.swift; sourceTree = "<group>"; };
		774B510B27F60F7700F9FF81 /* FollowerListVC.swift */ = {isa = PBXFileReference; lastKnownFileType = sourcecode.swift; path = FollowerListVC.swift; sourceTree = "<group>"; };
		774B510D27F618D100F9FF81 /* GFTitleLabel.swift */ = {isa = PBXFileReference; lastKnownFileType = sourcecode.swift; path = GFTitleLabel.swift; sourceTree = "<group>"; };
		774B510F27F61A2600F9FF81 /* GFBodyLabel.swift */ = {isa = PBXFileReference; lastKnownFileType = sourcecode.swift; path = GFBodyLabel.swift; sourceTree = "<group>"; };
		774B511127F61AE600F9FF81 /* GFAlertVC.swift */ = {isa = PBXFileReference; lastKnownFileType = sourcecode.swift; path = GFAlertVC.swift; sourceTree = "<group>"; };
		774B511327F72F7000F9FF81 /* UIViewController+Ext.swift */ = {isa = PBXFileReference; lastKnownFileType = sourcecode.swift; path = "UIViewController+Ext.swift"; sourceTree = "<group>"; };
		774B511827F747AC00F9FF81 /* String+Ext.swift */ = {isa = PBXFileReference; lastKnownFileType = sourcecode.swift; path = "String+Ext.swift"; sourceTree = "<group>"; };
		774B511B27F74EDB00F9FF81 /* NetworkManager.swift */ = {isa = PBXFileReference; lastKnownFileType = sourcecode.swift; path = NetworkManager.swift; sourceTree = "<group>"; };
		774B511F27F761E400F9FF81 /* Followers.swift */ = {isa = PBXFileReference; lastKnownFileType = sourcecode.swift; path = Followers.swift; sourceTree = "<group>"; };
		774B512127F7620500F9FF81 /* User.swift */ = {isa = PBXFileReference; lastKnownFileType = sourcecode.swift; path = User.swift; sourceTree = "<group>"; };
		774B512427F76FFB00F9FF81 /* NWError.swift */ = {isa = PBXFileReference; lastKnownFileType = sourcecode.swift; path = NWError.swift; sourceTree = "<group>"; };
		774B512727FC69AF00F9FF81 /* FollowerCell.swift */ = {isa = PBXFileReference; lastKnownFileType = sourcecode.swift; path = FollowerCell.swift; sourceTree = "<group>"; };
		774B512927FC6B7700F9FF81 /* GFAvatarImageView.swift */ = {isa = PBXFileReference; lastKnownFileType = sourcecode.swift; path = GFAvatarImageView.swift; sourceTree = "<group>"; };
		774B512C27FC792E00F9FF81 /* CollectionCell+Ext.swift */ = {isa = PBXFileReference; lastKnownFileType = sourcecode.swift; path = "CollectionCell+Ext.swift"; sourceTree = "<group>"; };
		774B512E27FC9F1200F9FF81 /* UIHelper.swift */ = {isa = PBXFileReference; lastKnownFileType = sourcecode.swift; path = UIHelper.swift; sourceTree = "<group>"; };
		7751CA842847D7A200CD083C /* UserInfoVC.swift */ = {isa = PBXFileReference; lastKnownFileType = sourcecode.swift; path = UserInfoVC.swift; sourceTree = "<group>"; };
/* End PBXFileReference section */

/* Begin PBXFrameworksBuildPhase section */
		774B50E627F5EF4B00F9FF81 /* Frameworks */ = {
			isa = PBXFrameworksBuildPhase;
			buildActionMask = 2147483647;
			files = (
				774B510A27F5FF3C00F9FF81 /* SnapKit in Frameworks */,
			);
			runOnlyForDeploymentPostprocessing = 0;
		};
/* End PBXFrameworksBuildPhase section */

/* Begin PBXGroup section */
		774ABE7E2840B9B4006794DD /* Buttons */ = {
			isa = PBXGroup;
			children = (
				774B510427F5F8B600F9FF81 /* GFButton.swift */,
			);
			path = Buttons;
			sourceTree = "<group>";
		};
		774ABE7F2840B9BC006794DD /* TextFields */ = {
			isa = PBXGroup;
			children = (
				774B510627F5FB9100F9FF81 /* GFTextField.swift */,
			);
			path = TextFields;
			sourceTree = "<group>";
		};
		774ABE802840B9C8006794DD /* Labels */ = {
			isa = PBXGroup;
			children = (
				774B510D27F618D100F9FF81 /* GFTitleLabel.swift */,
				774B510F27F61A2600F9FF81 /* GFBodyLabel.swift */,
			);
			path = Labels;
			sourceTree = "<group>";
		};
		774ABE812840B9D0006794DD /* Views */ = {
			isa = PBXGroup;
			children = (
				774B512927FC6B7700F9FF81 /* GFAvatarImageView.swift */,
				774ABE8328426CD5006794DD /* GFEmptyStateView.swift */,
			);
			path = Views;
			sourceTree = "<group>";
		};
		774ABE822840B9D7006794DD /* ViewControllers */ = {
			isa = PBXGroup;
			children = (
				774B511127F61AE600F9FF81 /* GFAlertVC.swift */,
			);
			path = ViewControllers;
			sourceTree = "<group>";
		};
		774B50E027F5EF4A00F9FF81 = {
			isa = PBXGroup;
			children = (
				774B50EB27F5EF4B00F9FF81 /* GitHubFollowers */,
				774B50EA27F5EF4B00F9FF81 /* Products */,
			);
			sourceTree = "<group>";
		};
		774B50EA27F5EF4B00F9FF81 /* Products */ = {
			isa = PBXGroup;
			children = (
				774B50E927F5EF4B00F9FF81 /* GitHubFollowers.app */,
			);
			name = Products;
			sourceTree = "<group>";
		};
		774B50EB27F5EF4B00F9FF81 /* GitHubFollowers */ = {
			isa = PBXGroup;
			children = (
				774B512327F76FD300F9FF81 /* Utilities */,
				774B511E27F761D700F9FF81 /* DTO */,
				774B511D27F7619300F9FF81 /* Managers */,
				774B511727F7477500F9FF81 /* Extensions */,
				774B511627F7471A00F9FF81 /* CustomViews */,
				774B511527F746E100F9FF81 /* Screens */,
				774B511A27F7480C00F9FF81 /* Support */,
				774B50FA27F5EF4B00F9FF81 /* Info.plist */,
			);
			path = GitHubFollowers;
			sourceTree = "<group>";
		};
		774B511527F746E100F9FF81 /* Screens */ = {
			isa = PBXGroup;
			children = (
				774B510027F5F47A00F9FF81 /* SearchVC.swift */,
				774B510B27F60F7700F9FF81 /* FollowerListVC.swift */,
				774B510227F5F4B400F9FF81 /* FavoritesListVC.swift */,
				7751CA842847D7A200CD083C /* UserInfoVC.swift */,
			);
			path = Screens;
			sourceTree = "<group>";
		};
		774B511627F7471A00F9FF81 /* CustomViews */ = {
			isa = PBXGroup;
			children = (
				774ABE822840B9D7006794DD /* ViewControllers */,
				774ABE812840B9D0006794DD /* Views */,
				774ABE802840B9C8006794DD /* Labels */,
				774ABE7F2840B9BC006794DD /* TextFields */,
				774ABE7E2840B9B4006794DD /* Buttons */,
				774B512627FC698900F9FF81 /* Cells */,
			);
			path = CustomViews;
			sourceTree = "<group>";
		};
		774B511727F7477500F9FF81 /* Extensions */ = {
			isa = PBXGroup;
			children = (
				774B511327F72F7000F9FF81 /* UIViewController+Ext.swift */,
				774B511827F747AC00F9FF81 /* String+Ext.swift */,
				774B512C27FC792E00F9FF81 /* CollectionCell+Ext.swift */,
			);
			path = Extensions;
			sourceTree = "<group>";
		};
		774B511A27F7480C00F9FF81 /* Support */ = {
			isa = PBXGroup;
			children = (
				774B50EC27F5EF4B00F9FF81 /* AppDelegate.swift */,
				774B50EE27F5EF4B00F9FF81 /* SceneDelegate.swift */,
				774B50F527F5EF4B00F9FF81 /* Assets.xcassets */,
				774B50F727F5EF4B00F9FF81 /* LaunchScreen.storyboard */,
			);
			path = Support;
			sourceTree = "<group>";
		};
		774B511D27F7619300F9FF81 /* Managers */ = {
			isa = PBXGroup;
			children = (
				774B511B27F74EDB00F9FF81 /* NetworkManager.swift */,
			);
			path = Managers;
			sourceTree = "<group>";
		};
		774B511E27F761D700F9FF81 /* DTO */ = {
			isa = PBXGroup;
			children = (
				774B511F27F761E400F9FF81 /* Followers.swift */,
				774B512127F7620500F9FF81 /* User.swift */,
			);
			path = DTO;
			sourceTree = "<group>";
		};
		774B512327F76FD300F9FF81 /* Utilities */ = {
			isa = PBXGroup;
			children = (
				774B512427F76FFB00F9FF81 /* NWError.swift */,
				774B512E27FC9F1200F9FF81 /* UIHelper.swift */,
			);
			path = Utilities;
			sourceTree = "<group>";
		};
		774B512627FC698900F9FF81 /* Cells */ = {
			isa = PBXGroup;
			children = (
				774B512727FC69AF00F9FF81 /* FollowerCell.swift */,
			);
			path = Cells;
			sourceTree = "<group>";
		};
/* End PBXGroup section */

/* Begin PBXNativeTarget section */
		774B50E827F5EF4B00F9FF81 /* GitHubFollowers */ = {
			isa = PBXNativeTarget;
			buildConfigurationList = 774B50FD27F5EF4B00F9FF81 /* Build configuration list for PBXNativeTarget "GitHubFollowers" */;
			buildPhases = (
				774B50E527F5EF4B00F9FF81 /* Sources */,
				774B50E627F5EF4B00F9FF81 /* Frameworks */,
				774B50E727F5EF4B00F9FF81 /* Resources */,
			);
			buildRules = (
			);
			dependencies = (
			);
			name = GitHubFollowers;
			packageProductDependencies = (
				774B510927F5FF3C00F9FF81 /* SnapKit */,
			);
			productName = GitHubFollowers;
			productReference = 774B50E927F5EF4B00F9FF81 /* GitHubFollowers.app */;
			productType = "com.apple.product-type.application";
		};
/* End PBXNativeTarget section */

/* Begin PBXProject section */
		774B50E127F5EF4A00F9FF81 /* Project object */ = {
			isa = PBXProject;
			attributes = {
				BuildIndependentTargetsInParallel = 1;
				LastSwiftUpdateCheck = 1320;
				LastUpgradeCheck = 1320;
				TargetAttributes = {
					774B50E827F5EF4B00F9FF81 = {
						CreatedOnToolsVersion = 13.2.1;
					};
				};
			};
			buildConfigurationList = 774B50E427F5EF4A00F9FF81 /* Build configuration list for PBXProject "GitHubFollowers" */;
			compatibilityVersion = "Xcode 13.0";
			developmentRegion = en;
			hasScannedForEncodings = 0;
			knownRegions = (
				en,
				Base,
			);
			mainGroup = 774B50E027F5EF4A00F9FF81;
			packageReferences = (
				774B510827F5FF3C00F9FF81 /* XCRemoteSwiftPackageReference "SnapKit" */,
			);
			productRefGroup = 774B50EA27F5EF4B00F9FF81 /* Products */;
			projectDirPath = "";
			projectRoot = "";
			targets = (
				774B50E827F5EF4B00F9FF81 /* GitHubFollowers */,
			);
		};
/* End PBXProject section */

/* Begin PBXResourcesBuildPhase section */
		774B50E727F5EF4B00F9FF81 /* Resources */ = {
			isa = PBXResourcesBuildPhase;
			buildActionMask = 2147483647;
			files = (
				774B50F927F5EF4B00F9FF81 /* LaunchScreen.storyboard in Resources */,
				774B50F627F5EF4B00F9FF81 /* Assets.xcassets in Resources */,
			);
			runOnlyForDeploymentPostprocessing = 0;
		};
/* End PBXResourcesBuildPhase section */

/* Begin PBXSourcesBuildPhase section */
		774B50E527F5EF4B00F9FF81 /* Sources */ = {
			isa = PBXSourcesBuildPhase;
			buildActionMask = 2147483647;
			files = (
				774B510327F5F4B400F9FF81 /* FavoritesListVC.swift in Sources */,
				774B512027F761E400F9FF81 /* Followers.swift in Sources */,
				774B510527F5F8B600F9FF81 /* GFButton.swift in Sources */,
				774B512F27FC9F1200F9FF81 /* UIHelper.swift in Sources */,
				774B510727F5FB9100F9FF81 /* GFTextField.swift in Sources */,
				774B511C27F74EDB00F9FF81 /* NetworkManager.swift in Sources */,
				774B511427F72F7000F9FF81 /* UIViewController+Ext.swift in Sources */,
				774B510127F5F47A00F9FF81 /* SearchVC.swift in Sources */,
				774B512827FC69AF00F9FF81 /* FollowerCell.swift in Sources */,
				774B512A27FC6B7700F9FF81 /* GFAvatarImageView.swift in Sources */,
				774B512527F76FFB00F9FF81 /* NWError.swift in Sources */,
				774B511227F61AE600F9FF81 /* GFAlertVC.swift in Sources */,
				774B512227F7620500F9FF81 /* User.swift in Sources */,
				774B511027F61A2600F9FF81 /* GFBodyLabel.swift in Sources */,
				774B510E27F618D100F9FF81 /* GFTitleLabel.swift in Sources */,
				774ABE8428426CD5006794DD /* GFEmptyStateView.swift in Sources */,
				774B510C27F60F7700F9FF81 /* FollowerListVC.swift in Sources */,
				774B50ED27F5EF4B00F9FF81 /* AppDelegate.swift in Sources */,
				774B50EF27F5EF4B00F9FF81 /* SceneDelegate.swift in Sources */,
				774B511927F747AC00F9FF81 /* String+Ext.swift in Sources */,
				774B512D27FC792E00F9FF81 /* CollectionCell+Ext.swift in Sources */,
				7751CA852847D7A200CD083C /* UserInfoVC.swift in Sources */,
			);
			runOnlyForDeploymentPostprocessing = 0;
		};
/* End PBXSourcesBuildPhase section */

/* Begin PBXVariantGroup section */
		774B50F727F5EF4B00F9FF81 /* LaunchScreen.storyboard */ = {
			isa = PBXVariantGroup;
			children = (
				774B50F827F5EF4B00F9FF81 /* Base */,
			);
			name = LaunchScreen.storyboard;
			sourceTree = "<group>";
		};
/* End PBXVariantGroup section */

/* Begin XCBuildConfiguration section */
		774B50FB27F5EF4B00F9FF81 /* Debug */ = {
			isa = XCBuildConfiguration;
			buildSettings = {
				ALWAYS_SEARCH_USER_PATHS = NO;
				CLANG_ANALYZER_NONNULL = YES;
				CLANG_ANALYZER_NUMBER_OBJECT_CONVERSION = YES_AGGRESSIVE;
				CLANG_CXX_LANGUAGE_STANDARD = "gnu++17";
				CLANG_CXX_LIBRARY = "libc++";
				CLANG_ENABLE_MODULES = YES;
				CLANG_ENABLE_OBJC_ARC = YES;
				CLANG_ENABLE_OBJC_WEAK = YES;
				CLANG_WARN_BLOCK_CAPTURE_AUTORELEASING = YES;
				CLANG_WARN_BOOL_CONVERSION = YES;
				CLANG_WARN_COMMA = YES;
				CLANG_WARN_CONSTANT_CONVERSION = YES;
				CLANG_WARN_DEPRECATED_OBJC_IMPLEMENTATIONS = YES;
				CLANG_WARN_DIRECT_OBJC_ISA_USAGE = YES_ERROR;
				CLANG_WARN_DOCUMENTATION_COMMENTS = YES;
				CLANG_WARN_EMPTY_BODY = YES;
				CLANG_WARN_ENUM_CONVERSION = YES;
				CLANG_WARN_INFINITE_RECURSION = YES;
				CLANG_WARN_INT_CONVERSION = YES;
				CLANG_WARN_NON_LITERAL_NULL_CONVERSION = YES;
				CLANG_WARN_OBJC_IMPLICIT_RETAIN_SELF = YES;
				CLANG_WARN_OBJC_LITERAL_CONVERSION = YES;
				CLANG_WARN_OBJC_ROOT_CLASS = YES_ERROR;
				CLANG_WARN_QUOTED_INCLUDE_IN_FRAMEWORK_HEADER = YES;
				CLANG_WARN_RANGE_LOOP_ANALYSIS = YES;
				CLANG_WARN_STRICT_PROTOTYPES = YES;
				CLANG_WARN_SUSPICIOUS_MOVE = YES;
				CLANG_WARN_UNGUARDED_AVAILABILITY = YES_AGGRESSIVE;
				CLANG_WARN_UNREACHABLE_CODE = YES;
				CLANG_WARN__DUPLICATE_METHOD_MATCH = YES;
				COPY_PHASE_STRIP = NO;
				DEBUG_INFORMATION_FORMAT = dwarf;
				ENABLE_STRICT_OBJC_MSGSEND = YES;
				ENABLE_TESTABILITY = YES;
				GCC_C_LANGUAGE_STANDARD = gnu11;
				GCC_DYNAMIC_NO_PIC = NO;
				GCC_NO_COMMON_BLOCKS = YES;
				GCC_OPTIMIZATION_LEVEL = 0;
				GCC_PREPROCESSOR_DEFINITIONS = (
					"DEBUG=1",
					"$(inherited)",
				);
				GCC_WARN_64_TO_32_BIT_CONVERSION = YES;
				GCC_WARN_ABOUT_RETURN_TYPE = YES_ERROR;
				GCC_WARN_UNDECLARED_SELECTOR = YES;
				GCC_WARN_UNINITIALIZED_AUTOS = YES_AGGRESSIVE;
				GCC_WARN_UNUSED_FUNCTION = YES;
				GCC_WARN_UNUSED_VARIABLE = YES;
				IPHONEOS_DEPLOYMENT_TARGET = 15.2;
				MTL_ENABLE_DEBUG_INFO = INCLUDE_SOURCE;
				MTL_FAST_MATH = YES;
				ONLY_ACTIVE_ARCH = YES;
				SDKROOT = iphoneos;
				SWIFT_ACTIVE_COMPILATION_CONDITIONS = DEBUG;
				SWIFT_OPTIMIZATION_LEVEL = "-Onone";
			};
			name = Debug;
		};
		774B50FC27F5EF4B00F9FF81 /* Release */ = {
			isa = XCBuildConfiguration;
			buildSettings = {
				ALWAYS_SEARCH_USER_PATHS = NO;
				CLANG_ANALYZER_NONNULL = YES;
				CLANG_ANALYZER_NUMBER_OBJECT_CONVERSION = YES_AGGRESSIVE;
				CLANG_CXX_LANGUAGE_STANDARD = "gnu++17";
				CLANG_CXX_LIBRARY = "libc++";
				CLANG_ENABLE_MODULES = YES;
				CLANG_ENABLE_OBJC_ARC = YES;
				CLANG_ENABLE_OBJC_WEAK = YES;
				CLANG_WARN_BLOCK_CAPTURE_AUTORELEASING = YES;
				CLANG_WARN_BOOL_CONVERSION = YES;
				CLANG_WARN_COMMA = YES;
				CLANG_WARN_CONSTANT_CONVERSION = YES;
				CLANG_WARN_DEPRECATED_OBJC_IMPLEMENTATIONS = YES;
				CLANG_WARN_DIRECT_OBJC_ISA_USAGE = YES_ERROR;
				CLANG_WARN_DOCUMENTATION_COMMENTS = YES;
				CLANG_WARN_EMPTY_BODY = YES;
				CLANG_WARN_ENUM_CONVERSION = YES;
				CLANG_WARN_INFINITE_RECURSION = YES;
				CLANG_WARN_INT_CONVERSION = YES;
				CLANG_WARN_NON_LITERAL_NULL_CONVERSION = YES;
				CLANG_WARN_OBJC_IMPLICIT_RETAIN_SELF = YES;
				CLANG_WARN_OBJC_LITERAL_CONVERSION = YES;
				CLANG_WARN_OBJC_ROOT_CLASS = YES_ERROR;
				CLANG_WARN_QUOTED_INCLUDE_IN_FRAMEWORK_HEADER = YES;
				CLANG_WARN_RANGE_LOOP_ANALYSIS = YES;
				CLANG_WARN_STRICT_PROTOTYPES = YES;
				CLANG_WARN_SUSPICIOUS_MOVE = YES;
				CLANG_WARN_UNGUARDED_AVAILABILITY = YES_AGGRESSIVE;
				CLANG_WARN_UNREACHABLE_CODE = YES;
				CLANG_WARN__DUPLICATE_METHOD_MATCH = YES;
				COPY_PHASE_STRIP = NO;
				DEBUG_INFORMATION_FORMAT = "dwarf-with-dsym";
				ENABLE_NS_ASSERTIONS = NO;
				ENABLE_STRICT_OBJC_MSGSEND = YES;
				GCC_C_LANGUAGE_STANDARD = gnu11;
				GCC_NO_COMMON_BLOCKS = YES;
				GCC_WARN_64_TO_32_BIT_CONVERSION = YES;
				GCC_WARN_ABOUT_RETURN_TYPE = YES_ERROR;
				GCC_WARN_UNDECLARED_SELECTOR = YES;
				GCC_WARN_UNINITIALIZED_AUTOS = YES_AGGRESSIVE;
				GCC_WARN_UNUSED_FUNCTION = YES;
				GCC_WARN_UNUSED_VARIABLE = YES;
				IPHONEOS_DEPLOYMENT_TARGET = 15.2;
				MTL_ENABLE_DEBUG_INFO = NO;
				MTL_FAST_MATH = YES;
				SDKROOT = iphoneos;
				SWIFT_COMPILATION_MODE = wholemodule;
				SWIFT_OPTIMIZATION_LEVEL = "-O";
				VALIDATE_PRODUCT = YES;
			};
			name = Release;
		};
		774B50FE27F5EF4B00F9FF81 /* Debug */ = {
			isa = XCBuildConfiguration;
			buildSettings = {
				ASSETCATALOG_COMPILER_APPICON_NAME = AppIcon;
				ASSETCATALOG_COMPILER_GLOBAL_ACCENT_COLOR_NAME = AccentColor;
				CODE_SIGN_STYLE = Automatic;
				CURRENT_PROJECT_VERSION = 1;
				DEVELOPMENT_TEAM = H7H9P2C2C5;
				GENERATE_INFOPLIST_FILE = YES;
				INFOPLIST_FILE = GitHubFollowers/Info.plist;
				INFOPLIST_KEY_UIApplicationSupportsIndirectInputEvents = YES;
				INFOPLIST_KEY_UILaunchStoryboardName = LaunchScreen;
				INFOPLIST_KEY_UISupportedInterfaceOrientations = UIInterfaceOrientationPortrait;
				INFOPLIST_KEY_UISupportedInterfaceOrientations_iPad = "UIInterfaceOrientationPortrait UIInterfaceOrientationPortraitUpsideDown UIInterfaceOrientationLandscapeLeft UIInterfaceOrientationLandscapeRight";
				INFOPLIST_KEY_UISupportedInterfaceOrientations_iPhone = "UIInterfaceOrientationPortrait UIInterfaceOrientationLandscapeLeft UIInterfaceOrientationLandscapeRight";
				LD_RUNPATH_SEARCH_PATHS = (
					"$(inherited)",
					"@executable_path/Frameworks",
				);
				MARKETING_VERSION = 1.0;
				PRODUCT_BUNDLE_IDENTIFIER = "Egor-Tushev.GitHubFollowers";
				PRODUCT_NAME = "$(TARGET_NAME)";
				SWIFT_EMIT_LOC_STRINGS = YES;
				SWIFT_VERSION = 5.0;
				TARGETED_DEVICE_FAMILY = 1;
			};
			name = Debug;
		};
		774B50FF27F5EF4B00F9FF81 /* Release */ = {
			isa = XCBuildConfiguration;
			buildSettings = {
				ASSETCATALOG_COMPILER_APPICON_NAME = AppIcon;
				ASSETCATALOG_COMPILER_GLOBAL_ACCENT_COLOR_NAME = AccentColor;
				CODE_SIGN_STYLE = Automatic;
				CURRENT_PROJECT_VERSION = 1;
				DEVELOPMENT_TEAM = H7H9P2C2C5;
				GENERATE_INFOPLIST_FILE = YES;
				INFOPLIST_FILE = GitHubFollowers/Info.plist;
				INFOPLIST_KEY_UIApplicationSupportsIndirectInputEvents = YES;
				INFOPLIST_KEY_UILaunchStoryboardName = LaunchScreen;
				INFOPLIST_KEY_UISupportedInterfaceOrientations = UIInterfaceOrientationPortrait;
				INFOPLIST_KEY_UISupportedInterfaceOrientations_iPad = "UIInterfaceOrientationPortrait UIInterfaceOrientationPortraitUpsideDown UIInterfaceOrientationLandscapeLeft UIInterfaceOrientationLandscapeRight";
				INFOPLIST_KEY_UISupportedInterfaceOrientations_iPhone = "UIInterfaceOrientationPortrait UIInterfaceOrientationLandscapeLeft UIInterfaceOrientationLandscapeRight";
				LD_RUNPATH_SEARCH_PATHS = (
					"$(inherited)",
					"@executable_path/Frameworks",
				);
				MARKETING_VERSION = 1.0;
				PRODUCT_BUNDLE_IDENTIFIER = "Egor-Tushev.GitHubFollowers";
				PRODUCT_NAME = "$(TARGET_NAME)";
				SWIFT_EMIT_LOC_STRINGS = YES;
				SWIFT_VERSION = 5.0;
				TARGETED_DEVICE_FAMILY = 1;
			};
			name = Release;
		};
/* End XCBuildConfiguration section */

/* Begin XCConfigurationList section */
		774B50E427F5EF4A00F9FF81 /* Build configuration list for PBXProject "GitHubFollowers" */ = {
			isa = XCConfigurationList;
			buildConfigurations = (
				774B50FB27F5EF4B00F9FF81 /* Debug */,
				774B50FC27F5EF4B00F9FF81 /* Release */,
			);
			defaultConfigurationIsVisible = 0;
			defaultConfigurationName = Release;
		};
		774B50FD27F5EF4B00F9FF81 /* Build configuration list for PBXNativeTarget "GitHubFollowers" */ = {
			isa = XCConfigurationList;
			buildConfigurations = (
				774B50FE27F5EF4B00F9FF81 /* Debug */,
				774B50FF27F5EF4B00F9FF81 /* Release */,
			);
			defaultConfigurationIsVisible = 0;
			defaultConfigurationName = Release;
		};
/* End XCConfigurationList section */

/* Begin XCRemoteSwiftPackageReference section */
		774B510827F5FF3C00F9FF81 /* XCRemoteSwiftPackageReference "SnapKit" */ = {
			isa = XCRemoteSwiftPackageReference;
			repositoryURL = "https://github.com/SnapKit/SnapKit";
			requirement = {
				branch = develop;
				kind = branch;
			};
		};
/* End XCRemoteSwiftPackageReference section */

/* Begin XCSwiftPackageProductDependency section */
		774B510927F5FF3C00F9FF81 /* SnapKit */ = {
			isa = XCSwiftPackageProductDependency;
			package = 774B510827F5FF3C00F9FF81 /* XCRemoteSwiftPackageReference "SnapKit" */;
			productName = SnapKit;
		};
/* End XCSwiftPackageProductDependency section */
	};
	rootObject = 774B50E127F5EF4A00F9FF81 /* Project object */;
}
